
Microsoft Visual Studio Solution File, Format Version 12.00
Project("{FAE04EC0-301F-11D3-BF4B-00C04F79EFBC}") = "CS-course-project", "CS-course-project\CS-course-project.csproj", "{BFEDFF8F-1FC4-46C7-AC04-6662D5AD26BD}"
EndProject
Global
	GlobalSection(SolutionConfigurationPlatforms) = preSolution
		Debug|Any CPU = Debug|Any CPU
		Release|Any CPU = Release|Any CPU
	EndGlobalSection
	GlobalSection(ProjectConfigurationPlatforms) = postSolution
		{BFEDFF8F-1FC4-46C7-AC04-6662D5AD26BD}.Debug|Any CPU.ActiveCfg = Debug|Any CPU
		{BFEDFF8F-1FC4-46C7-AC04-6662D5AD26BD}.Debug|Any CPU.Build.0 = Debug|Any CPU
		{BFEDFF8F-1FC4-46C7-AC04-6662D5AD26BD}.Release|Any CPU.ActiveCfg = Release|Any CPU
		{BFEDFF8F-1FC4-46C7-AC04-6662D5AD26BD}.Release|Any CPU.Build.0 = Release|Any CPU
	EndGlobalSection
EndGlobal
